
Microsoft Visual Studio Solution File, Format Version 12.00
# Visual Studio Version 16
VisualStudioVersion = 16.0.31112.23
MinimumVisualStudioVersion = 10.0.40219.1
Project("{FAE04EC0-301F-11D3-BF4B-00C04F79EFBC}") = "CustomerWebApi", "CustomerWebApi\CustomerWebApi.csproj", "{01151E47-FF4E-4241-AB40-71B7CB4D19EB}"
EndProject
Global
	GlobalSection(SolutionConfigurationPlatforms) = preSolution
		Debug|Any CPU = Debug|Any CPU
		Release|Any CPU = Release|Any CPU
	EndGlobalSection
	GlobalSection(ProjectConfigurationPlatforms) = postSolution
		{01151E47-FF4E-4241-AB40-71B7CB4D19EB}.Debug|Any CPU.ActiveCfg = Debug|Any CPU
		{01151E47-FF4E-4241-AB40-71B7CB4D19EB}.Debug|Any CPU.Build.0 = Debug|Any CPU
		{01151E47-FF4E-4241-AB40-71B7CB4D19EB}.Release|Any CPU.ActiveCfg = Release|Any CPU
		{01151E47-FF4E-4241-AB40-71B7CB4D19EB}.Release|Any CPU.Build.0 = Release|Any CPU
	EndGlobalSection
	GlobalSection(SolutionProperties) = preSolution
		HideSolutionNode = FALSE
	EndGlobalSection
	GlobalSection(ExtensibilityGlobals) = postSolution
		SolutionGuid = {E5899051-8DC3-4CB8-8594-7FECEA2798D3}
	EndGlobalSection
EndGlobal
